
Microsoft Visual Studio Solution File, Format Version 12.00
# Visual Studio Version 16
VisualStudioVersion = 16.0.31424.327
MinimumVisualStudioVersion = 10.0.40219.1
Project("{FAE04EC0-301F-11D3-BF4B-00C04F79EFBC}") = "TruckSale2", "TruckSale2\TruckSale2.csproj", "{F81E5E90-4AAE-4DB6-87BB-34A10B81DB66}"
EndProject
Project("{FAE04EC0-301F-11D3-BF4B-00C04F79EFBC}") = "TruckSaleWithEF", "..\TruckSaleWithEF\TruckSaleWithEF.csproj", "{159F2634-5D53-4C43-875A-0D4DDB7E2FF2}"
EndProject
Global
	GlobalSection(SolutionConfigurationPlatforms) = preSolution
		Debug|Any CPU = Debug|Any CPU
		Release|Any CPU = Release|Any CPU
	EndGlobalSection
	GlobalSection(ProjectConfigurationPlatforms) = postSolution
		{F81E5E90-4AAE-4DB6-87BB-34A10B81DB66}.Debug|Any CPU.ActiveCfg = Debug|Any CPU
		{F81E5E90-4AAE-4DB6-87BB-34A10B81DB66}.Debug|Any CPU.Build.0 = Debug|Any CPU
		{F81E5E90-4AAE-4DB6-87BB-34A10B81DB66}.Release|Any CPU.ActiveCfg = Release|Any CPU
		{F81E5E90-4AAE-4DB6-87BB-34A10B81DB66}.Release|Any CPU.Build.0 = Release|Any CPU
		{159F2634-5D53-4C43-875A-0D4DDB7E2FF2}.Debug|Any CPU.ActiveCfg = Debug|Any CPU
		{159F2634-5D53-4C43-875A-0D4DDB7E2FF2}.Debug|Any CPU.Build.0 = Debug|Any CPU
		{159F2634-5D53-4C43-875A-0D4DDB7E2FF2}.Release|Any CPU.ActiveCfg = Release|Any CPU
		{159F2634-5D53-4C43-875A-0D4DDB7E2FF2}.Release|Any CPU.Build.0 = Release|Any CPU
	EndGlobalSection
	GlobalSection(SolutionProperties) = preSolution
		HideSolutionNode = FALSE
	EndGlobalSection
	GlobalSection(ExtensibilityGlobals) = postSolution
		SolutionGuid = {72924932-61EB-45EA-BE68-DDF904046F4E}
	EndGlobalSection
EndGlobal
